[[package]]
name = "aiofiles"
version = "0.8.0"
description = "File support for asyncio."
category = "main"
optional = false
python-versions = ">=3.6,<4.0"

[[package]]
name = "aiohttp"
version = "3.8.4"
description = "Async http client/server framework (asyncio)"
category = "main"
optional = false
python-versions = ">=3.6"

[package.dependencies]
aiosignal = ">=1.1.2"
async-timeout = ">=4.0.0a3,<5.0"
attrs = ">=17.3.0"
charset-normalizer = ">=2.0,<4.0"
frozenlist = ">=1.1.1"
multidict = ">=4.5,<7.0"
yarl = ">=1.0,<2.0"

[package.extras]
speedups = ["aiodns", "brotli", "cchardet"]

[[package]]
name = "aiosignal"
version = "1.3.1"
description = "aiosignal: a list of registered asynchronous callbacks"
category = "main"
optional = false
python-versions = ">=3.7"

[package.dependencies]
frozenlist = ">=1.1.0"

[[package]]
name = "aiosqlite"
version = "0.17.0"
description = "asyncio bridge to the standard sqlite3 module"
category = "main"
optional = false
python-versions = ">=3.6"

[package.dependencies]
typing_extensions = ">=3.7.2"

[[package]]
name = "async-generator"
version = "1.10"
description = "Async generators and context managers for Python 3.5+"
category = "main"
optional = false
python-versions = ">=3.5"

[[package]]
name = "async-timeout"
version = "4.0.2"
description = "Timeout context manager for asyncio programs"
category = "main"
optional = false
python-versions = ">=3.6"

[[package]]
name = "asyncio-extras"
version = "1.3.2"
description = "Asynchronous generators, context managers and more for asyncio"
category = "main"
optional = false
python-versions = "*"

[package.dependencies]
async-generator = ">=1.3"

[package.extras]
doc = ["sphinx-autodoc-typehints"]
test = ["pytest", "pytest-asyncio", "pytest-cov"]

[[package]]
name = "asyncpraw"
version = "7.7.0"
description = "Async PRAW, an abbreviation for \"Asynchronous Python Reddit API Wrapper\", is a python package that allows for simple access to Reddit's API."
category = "main"
optional = false
python-versions = ">=3.7"

[package.dependencies]
aiofiles = "<1"
aiohttp = "<4"
aiosqlite = "<=0.17.0"
asyncio-extras = "<=1.3.2"
asyncprawcore = ">=2.1,<3"
update-checker = ">=0.18"

[package.extras]
ci = ["coveralls"]
dev = ["packaging", "pre-commit", "sphinx", "sphinx-rtd-dark-mode", "sphinx-rtd-theme", "sphinxcontrib-trio", "mock (>=4.0.0,<5.0.0)", "pytest (>=7.0.0,<8.0.0)", "pytest-asyncio (>=0.18.0,<0.19.0)", "pytest-vcr (>=1.0.0,<2.0.0)", "testfixtures (>=6.0.0,<7.0.0)", "vcrpy (>=4.0.0,<5.0.0)", "asynctest (>=0.13.0,<0.14.0)"]
lint = ["pre-commit", "sphinx", "sphinx-rtd-dark-mode", "sphinx-rtd-theme", "sphinxcontrib-trio"]
readthedocs = ["sphinx", "sphinx-rtd-dark-mode", "sphinx-rtd-theme", "sphinxcontrib-trio"]
test = ["mock (>=4.0.0,<5.0.0)", "pytest (>=7.0.0,<8.0.0)", "pytest-asyncio (>=0.18.0,<0.19.0)", "pytest-vcr (>=1.0.0,<2.0.0)", "testfixtures (>=6.0.0,<7.0.0)", "vcrpy (>=4.0.0,<5.0.0)", "asynctest (>=0.13.0,<0.14.0)"]

[[package]]
name = "asyncprawcore"
version = "2.3.0"
description = "Low-level asynchronous communication layer for Async PRAW 7+."
category = "main"
optional = false
python-versions = ">=3.6"

[package.dependencies]
aiohttp = "*"
yarl = "*"

[package.extras]
ci = ["coveralls"]
dev = ["black", "flake8", "flynt", "pre-commit", "pydocstyle", "asynctest (>=0.13.0)", "mock (>=0.8)", "pytest", "pytest-vcr", "testfixtures (>4.13.2,<7)", "vcrpy (==4.0.2)"]
lint = ["black", "flake8", "flynt", "pre-commit", "pydocstyle"]
test = ["asynctest (>=0.13.0)", "mock (>=0.8)", "pytest", "pytest-vcr", "testfixtures (>4.13.2,<7)", "vcrpy (==4.0.2)"]

[[package]]
name = "attrs"
version = "23.1.0"
description = "Classes Without Boilerplate"
category = "main"
optional = false
python-versions = ">=3.7"

[package.extras]
cov = ["attrs", "coverage[toml] (>=5.3)"]
dev = ["attrs", "pre-commit"]
docs = ["furo", "myst-parser", "sphinx", "sphinx-notfound-page", "sphinxcontrib-towncrier", "towncrier", "zope-interface"]
tests = ["attrs", "zope-interface"]
tests-no-zope = ["cloudpickle", "hypothesis", "mypy (>=1.1.1)", "pympler", "pytest-mypy-plugins", "pytest-xdist", "pytest (>=4.3.0)"]

[[package]]
name = "certifi"
version = "2022.12.7"
description = "Python package for providing Mozilla's CA Bundle."
category = "main"
optional = false
python-versions = ">=3.6"

[[package]]
name = "charset-normalizer"
version = "3.1.0"
description = "The Real First Universal Charset Detector. Open, modern and actively maintained alternative to Chardet."
category = "main"
optional = false
python-versions = ">=3.7.0"

[[package]]
name = "discord"
version = "1.7.3"
description = "A mirror package for discord.py. Please install that instead."
category = "main"
optional = false
python-versions = "*"

[package.dependencies]
"discord.py" = ">=1.7.3"

[[package]]
name = "discord.py"
version = "2.2.2"
description = "A Python wrapper for the Discord API"
category = "main"
optional = false
python-versions = ">=3.8.0"

[package.dependencies]
aiohttp = ">=3.7.4,<4"

[package.extras]
docs = ["sphinx (==4.4.0)", "sphinxcontrib-trio (==1.1.2)", "sphinxcontrib-websupport", "typing-extensions (>=4.3,<5)"]
speed = ["orjson (>=3.5.4)", "aiodns (>=1.1)", "brotli", "cchardet (==2.1.7)"]
test = ["coverage", "pytest", "pytest-asyncio", "pytest-cov", "pytest-mock", "typing-extensions (>=4.3,<5)"]
voice = ["PyNaCl (>=1.3.0,<1.6)"]

[[package]]
name = "frozenlist"
version = "1.3.3"
description = "A list-like structure which implements collections.abc.MutableSequence"
category = "main"
optional = false
python-versions = ">=3.7"

[[package]]
name = "idna"
version = "3.4"
description = "Internationalized Domain Names in Applications (IDNA)"
category = "main"
optional = false
python-versions = ">=3.5"

[[package]]
name = "multidict"
version = "6.0.4"
description = "multidict implementation"
category = "main"
optional = false
python-versions = ">=3.7"

[[package]]
name = "pyimgur"
version = "0.6.0"
description = "The easy way of using Imgur."
category = "main"
optional = false
python-versions = "*"

[package.dependencies]
requests = "*"

[[package]]
name = "requests"
version = "2.28.2"
description = "Python HTTP for Humans."
category = "main"
optional = false
python-versions = ">=3.7, <4"

[package.dependencies]
certifi = ">=2017.4.17"
charset-normalizer = ">=2,<4"
idna = ">=2.5,<4"
urllib3 = ">=1.21.1,<1.27"

[package.extras]
socks = ["PySocks (>=1.5.6,!=1.5.7)"]
use_chardet_on_py3 = ["chardet (>=3.0.2,<6)"]

[[package]]
name = "rx"
version = "3.2.0"
description = "Reactive Extensions (Rx) for Python"
category = "main"
optional = false
python-versions = ">=3.6.0"

[[package]]
name = "twitch-python"
version = "0.0.19"
description = "Twitch module for Python"
category = "main"
optional = false
python-versions = ">=3.7"

[package.dependencies]
requests = "*"
rx = ">=3.0.0"

[[package]]
name = "typing-extensions"
version = "4.5.0"
description = "Backported and Experimental Type Hints for Python 3.7+"
category = "main"
optional = false
python-versions = ">=3.7"

[[package]]
name = "update-checker"
version = "0.18.0"
description = "A python module that will check for package updates."
category = "main"
optional = false
python-versions = "*"

[package.dependencies]
requests = ">=2.3.0"

[package.extras]
dev = ["black", "flake8", "pytest (>=2.7.3)"]
lint = ["black", "flake8"]
test = ["pytest (>=2.7.3)"]

[[package]]
name = "urllib3"
version = "1.26.15"
description = "HTTP library with thread-safe connection pooling, file post, and more."
category = "main"
optional = false
python-versions = ">=2.7, !=3.0.*, !=3.1.*, !=3.2.*, !=3.3.*, !=3.4.*, !=3.5.*"

[package.extras]
brotli = ["brotlicffi (>=0.8.0)", "brotli (>=1.0.9)", "brotlipy (>=0.6.0)"]
secure = ["pyOpenSSL (>=0.14)", "cryptography (>=1.3.4)", "idna (>=2.0.0)", "certifi", "urllib3-secure-extra", "ipaddress"]
socks = ["PySocks (>=1.5.6,!=1.5.7,<2.0)"]

[[package]]
name = "yarl"
version = "1.9.1"
description = "Yet another URL library"
category = "main"
optional = false
python-versions = ">=3.7"

[package.dependencies]
idna = ">=2.0"
multidict = ">=4.0"

[metadata]
lock-version = "1.1"
python-versions = "^3.8"
content-hash = "92a46d5375bc2f291191acc015c00a2134edd71b8d81588cf62a9987a8bd1dae"

[metadata.files]
aiofiles = []
aiohttp = []
aiosignal = []
aiosqlite = []
async-generator = []
async-timeout = []
asyncio-extras = []
asyncpraw = []
asyncprawcore = []
attrs = []
certifi = []
charset-normalizer = []
discord = []
"discord.py" = []
frozenlist = []
idna = []
multidict = []
pyimgur = []
requests = []
rx = []
twitch-python = []
typing-extensions = []
update-checker = []
urllib3 = []
yarl = []
